
Microsoft Visual Studio Solution File, Format Version 12.00
# Visual Studio 15
VisualStudioVersion = 15.0.27428.2027
MinimumVisualStudioVersion = 10.0.40219.1
Project("{FAE04EC0-301F-11D3-BF4B-00C04F79EFBC}") = "AbstractFactory", "AbstractFactory\AbstractFactory.csproj", "{41C00793-FCEE-4E46-98B4-2377B52A1932}"
EndProject
Global
	GlobalSection(SolutionConfigurationPlatforms) = preSolution
		Debug|Any CPU = Debug|Any CPU
		Release|Any CPU = Release|Any CPU
	EndGlobalSection
	GlobalSection(ProjectConfigurationPlatforms) = postSolution
		{41C00793-FCEE-4E46-98B4-2377B52A1932}.Debug|Any CPU.ActiveCfg = Debug|Any CPU
		{41C00793-FCEE-4E46-98B4-2377B52A1932}.Debug|Any CPU.Build.0 = Debug|Any CPU
		{41C00793-FCEE-4E46-98B4-2377B52A1932}.Release|Any CPU.ActiveCfg = Release|Any CPU
		{41C00793-FCEE-4E46-98B4-2377B52A1932}.Release|Any CPU.Build.0 = Release|Any CPU
	EndGlobalSection
	GlobalSection(SolutionProperties) = preSolution
		HideSolutionNode = FALSE
	EndGlobalSection
	GlobalSection(ExtensibilityGlobals) = postSolution
		SolutionGuid = {FC6B93C0-E88C-42D9-B3C7-91E2515F9404}
	EndGlobalSection
EndGlobal
